
Microsoft Visual Studio Solution File, Format Version 12.00
# Visual Studio Version 16
VisualStudioVersion = 16.0.29503.13
MinimumVisualStudioVersion = 10.0.40219.1
Project("{FAE04EC0-301F-11D3-BF4B-00C04F79EFBC}") = "AuctionSystem.Web", "AuctionSystem.Web\AuctionSystem.Web.csproj", "{0E55BC60-4B3A-4A90-A503-210EA47FE47B}"
EndProject
Project("{FAE04EC0-301F-11D3-BF4B-00C04F79EFBC}") = "AuctionSystem.Entities", "AuctionSystem.Entities\AuctionSystem.Entities.csproj", "{34D4A078-D332-489A-B825-31D896B51338}"
EndProject
Project("{FAE04EC0-301F-11D3-BF4B-00C04F79EFBC}") = "AuctionSystem.Database", "AuctionSystem.Database\AuctionSystem.Database.csproj", "{1D03F66F-30BA-4E55-B463-1ECA3E31E95C}"
EndProject
Global
	GlobalSection(SolutionConfigurationPlatforms) = preSolution
		Debug|Any CPU = Debug|Any CPU
		Release|Any CPU = Release|Any CPU
	EndGlobalSection
	GlobalSection(ProjectConfigurationPlatforms) = postSolution
		{0E55BC60-4B3A-4A90-A503-210EA47FE47B}.Debug|Any CPU.ActiveCfg = Debug|Any CPU
		{0E55BC60-4B3A-4A90-A503-210EA47FE47B}.Debug|Any CPU.Build.0 = Debug|Any CPU
		{0E55BC60-4B3A-4A90-A503-210EA47FE47B}.Release|Any CPU.ActiveCfg = Release|Any CPU
		{0E55BC60-4B3A-4A90-A503-210EA47FE47B}.Release|Any CPU.Build.0 = Release|Any CPU
		{34D4A078-D332-489A-B825-31D896B51338}.Debug|Any CPU.ActiveCfg = Debug|Any CPU
		{34D4A078-D332-489A-B825-31D896B51338}.Debug|Any CPU.Build.0 = Debug|Any CPU
		{34D4A078-D332-489A-B825-31D896B51338}.Release|Any CPU.ActiveCfg = Release|Any CPU
		{34D4A078-D332-489A-B825-31D896B51338}.Release|Any CPU.Build.0 = Release|Any CPU
		{1D03F66F-30BA-4E55-B463-1ECA3E31E95C}.Debug|Any CPU.ActiveCfg = Debug|Any CPU
		{1D03F66F-30BA-4E55-B463-1ECA3E31E95C}.Debug|Any CPU.Build.0 = Debug|Any CPU
		{1D03F66F-30BA-4E55-B463-1ECA3E31E95C}.Release|Any CPU.ActiveCfg = Release|Any CPU
		{1D03F66F-30BA-4E55-B463-1ECA3E31E95C}.Release|Any CPU.Build.0 = Release|Any CPU
	EndGlobalSection
	GlobalSection(SolutionProperties) = preSolution
		HideSolutionNode = FALSE
	EndGlobalSection
	GlobalSection(ExtensibilityGlobals) = postSolution
		SolutionGuid = {C3A6E99A-6120-46F6-BC79-19719027B509}
	EndGlobalSection
EndGlobal
